version = 1
requires-python = "==3.12.*"

[[package]]
name = "anyio"
version = "4.15.1"
source = { registry = "https://pypi.org/simple" }
dependencies = [
    { name = "idna" },
    { name = "typing-extensions" },
]
sdist = { url = "https://files.pythonhosted.org/packages/a9/d2/f4d173e22df740bc37b1db102b386ba719b66e95b0f0d751f556b387e6d2/anyio-4.15.1.tar.gz", hash = "sha256:9f28306018cbd6d329e64a36d58256edff76dd996fe423bc957326e578b82a94", size = 276966 }
wheels = [
    { url = "https://files.pythonhosted.org/packages/12/b8/4bd346e22b28902df4d651910f5242c28d84e4a5c2435ca5c3f797ed7e2e/anyio-4.15.1-py3-none-any.whl", hash = "sha256:6152fdbbf9a77fdec97731721bebf7c4c44f7c29b424b0065826173efc7ed101", size = 132079 },
]

[[package]]
name = "certifi"
version = "2026.7.22"
source = { registry = "https://pypi.org/simple" }
sdist = { url = "https://files.pythonhosted.org/packages/a3/c2/24167ea9858356b47a87a50d39908bfdb72ceeefe0041586e704e5376b3a/certifi-2026.7.22.tar.gz", hash = "sha256:741e2c3b351ddf169a738da9f2c048608ff7f2c5cc02f1ebc6b118bb090d5d55", size = 138112 }
wheels = [
    { url = "https://files.pythonhosted.org/packages/0b/a7/71ac2cff56fec219ed242bb11b8efb69fcc4bec75db06fb7bfe35de520e6/certifi-2026.7.22-py3-none-any.whl", hash = "sha256:62f22742b58a1a33014a2b6b706588a8d7e2a88ae7bd1a6ebe8c992928483775", size = 136983 },
]

[[package]]
name = "cfgv"
version = "3.5.0"
source = { registry = "https://pypi.org/simple" }
sdist = { url = "https://files.pythonhosted.org/packages/4e/b5/721b8799b04bf9afe054a3899c6cf4e880fcf8563cc71c15610242490a0c/cfgv-3.5.0.tar.gz", hash = "sha256:d5b1034354820651caa73ede66a6294d6e95c1b00acc5e9b098e917404669132", size = 7334 }
wheels = [
    { url = "https://files.pythonhosted.org/packages/db/3c/33bac158f8ab7f89b2e59426d5fe2e4f63f7ed25df84c036890172b412b5/cfgv-3.5.0-py2.py3-none-any.whl", hash = "sha256:a8dc6b26ad22ff227d2634a65cb388215ce6cc96bbcc5cfde7641ae87e8dacc0", size = 7445 },
]

[[package]]
name = "colorama"
version = "0.4.6"
source = { registry = "https://pypi.org/simple" }
sdist = { url = "https://files.pythonhosted.org/packages/d8/53/6f443c9a4a8358a93a6792e2acffb9d9d5cb0a5cfd8802644b7b1c9a02e4/colorama-0.4.6.tar.gz", hash = "sha256:08695f5cb7ed6e0531a20572697297273c47b8cae5a63ffc6d6ed5c201be6e44", size = 27697 }
wheels = [
    { url = "https://files.pythonhosted.org/packages/d1/d6/3965ed04c63042e047cb6a3e6ed1a63a35087b6a609aa3a15ed8ac56c221/colorama-0.4.6-py2.py3-none-any.whl", hash = "sha256:4f1d9991f5acc0ca119f9d443620b77f9d6b33703e51011c16baf57afb285fc6", size = 25335 },
]

[[package]]
name = "coverage"
version = "7.16.1"
source = { registry = "https://pypi.org/simple" }
sdist = { url = "https://files.pythonhosted.org/packages/65/2d/c738872f477f5687152acae68635790387425d407ae37dd3d3a8a6692307/coverage-7.16.1.tar.gz", hash = "sha256:f83981779bcf9dfa06fa0a8d4cb43e0faec1706328ce07aa3e7b665b4ac0f210", size = 969651 }
wheels = [
    { url = "https://files.pythonhosted.org/packages/1a/f7/7cd4c9f2a3b7574414222ec425d5eee21cc690d867a013315e3be8ba185c/coverage-7.16.1-cp312-cp312-macosx_10_13_x86_64.whl", hash = "sha256:b7f2c26ce6ce0b1e0ca0d5fae96ea510e3a2e78b7207f06e76b7f2c87fa3d0af", size = 223475 },
    { url = "https://files.pythonhosted.org/packages/3e/f2/9ac65f9cedd43f91e2d3657c11f13aef82aebae89b2243dc9e44fe58a740/coverage-7.16.1-cp312-cp312-macosx_11_0_arm64.whl", hash = "sha256:070acb9da788dff743a4d36fc015feee12d68f0349959017542017c79f59c21c", size = 223845 },
    { url = "https://files.pythonhosted.org/packages/62/4d/f13db452d4367fe1122abfd98ae330596f65a3b40498f8e1a5811f68f123/coverage-7.16.1-cp312-cp312-manylinux1_i686.manylinux_2_28_i686.manylinux_2_5_i686.whl", hash = "sha256:e366587b370bc9b8b51b7b7272c610c56db5d5b4795b9e4a29d28ff2f440f809", size = 255341 },
    { url = "https://files.pythonhosted.org/packages/5d/6b/85ed86e82835a96ddfbe7705c387c28ce1cbbecd1b6d606f5ddfeeb712df/coverage-7.16.1-cp312-cp312-manylinux1_x86_64.manylinux_2_28_x86_64.manylinux_2_5_x86_64.whl", hash = "sha256:e82e10b9d290f60b63459cfb245a841aec347603997206296b93881463a93dcf", size = 258078 },
    { url = "https://files.pythonhosted.org/packages/cd/d2/f66945853d850b9c05f4e012e37396f1f31d0cd40d062394b229c22e7b56/coverage-7.16.1-cp312-cp312-manylinux2014_aarch64.manylinux_2_17_aarch64.manylinux_2_28_aarch64.whl", hash = "sha256:3d73bb1f85c4150ac208fb0755beb04b2e44897bad81414de9380f98dd74729f", size = 259191 },
    { url = "https://files.pythonhosted.org/packages/77/a1/7b907abe62461f289035c7ac60ab3e6334efb8c425151aac4abfa0c97820/coverage-7.16.1-cp312-cp312-manylinux2014_ppc64le.manylinux_2_17_ppc64le.manylinux_2_28_ppc64le.whl", hash = "sha256:3397b9032553d281ad6a9253b12675b65e0cc8cd7a3b0633cf48872c9eb13360", size = 261452 },
    { url = "https://files.pythonhosted.org/packages/51/e6/e26f4d6b1069a2a2fee3238a132f85c5b4c1dc25aebd88e015451ff0bd68/coverage-7.16.1-cp312-cp312-manylinux_2_31_riscv64.manylinux_2_39_riscv64.whl", hash = "sha256:77890395cf37026a5907d3ad32376aa51f41c0f163b7477fdbd4f94966cc1d08", size = 255698 },
    { url = "https://files.pythonhosted.org/packages/7f/ec/99db7450e813050ebce300e31bbd4f997c76a8c6e3a6d168c5dffc104109/coverage-7.16.1-cp312-cp312-musllinux_1_2_aarch64.whl", hash = "sha256:b0944dc3bee3091039bf970d73caaf930c906013128a421bdc132e797494d941", size = 257111 },
    { url = "https://files.pythonhosted.org/packages/2e/9d/500df9d3cd8c541ac84b5e0bcab00646be75654e05aa34e8410ec851282d/coverage-7.16.1-cp312-cp312-musllinux_1_2_i686.whl", hash = "sha256:b89d22a89d5bc05dd95b64e08295b8394aa96dc88e08f8ba210c9ebfebbe0489", size = 255258 },
    { url = "https://files.pythonhosted.org/packages/c0/24/53318d96da332bb4946f8ac646fa19fd37fecbd0c49144735c716ac69bf0/coverage-7.16.1-cp312-cp312-musllinux_1_2_ppc64le.whl", hash = "sha256:550a2a1faf7559f13d5344f12d1eb886ad87955155d7dfab2a3fe5c8ec8fe776", size = 259326 },
    { url = "https://files.pythonhosted.org/packages/c5/ce/abc0462b2e6ae96ae22197d2bc30fe33b6b4e52937e782745436ceb2a761/coverage-7.16.1-cp312-cp312-musllinux_1_2_riscv64.whl", hash = "sha256:55eb268e5b81aefac759766c9162625b06c1bedb7b77d936225bafc4f038a6f6", size = 254827 },
    { url = "https://files.pythonhosted.org/packages/8b/e1/0a04eedaaf19196b51f0180968134228c7646e469ed29914e48690a7cf3e/coverage-7.16.1-cp312-cp312-musllinux_1_2_x86_64.whl", hash = "sha256:65a8fc80898c9ce59f04349fe8b4849b1f9787f14e52ead990e5f849ff4727a0", size = 256698 },
    { url = "https://files.pythonhosted.org/packages/de/1d/d441a55cf22ce9d8e9e34814806c47441ab844bd534e0f4b64e1c6ae8bd1/coverage-7.16.1-cp312-cp312-win32.whl", hash = "sha256:528a61be40977c340cf201d23b69bd6a6bab507da60e9dbda85f8b30e935d70d", size = 225541 },
    { url = "https://files.pythonhosted.org/packages/73/27/ec3d032375735dd331477caa051419678079ff90fcb53d0284a6c2bfb757/coverage-7.16.1-cp312-cp312-win_amd64.whl", hash = "sha256:d0f02c633630e2b74522108ee95a84ad6e1204a8016a6cca5297f335ea27147e", size = 226075 },
    { url = "https://files.pythonhosted.org/packages/94/00/90e9f5c4434878494306b9c0ee8068ebbd829483737d8cefccc58884d728/coverage-7.16.1-cp312-cp312-win_arm64.whl", hash = "sha256:2959978f9d1d20a2c0c15d0a68baaeccf615ac1aa214cf4a05a10d6f568926c8", size = 225461 },
    { url = "https://files.pythonhosted.org/packages/96/1a/d6d16babd0a5fe4c3fae40702158c570351694e74516d8d81b86c5637448/coverage-7.16.1-py3-none-any.whl", hash = "sha256:3d8bd4e58b6a5c2018d808f297905393c6c61da466a48c3f0596a76a4900ebe4", size = 215264 },
]

[[package]]
name = "distlib"
version = "0.4.3"
source = { registry = "https://pypi.org/simple" }
sdist = { url = "https://files.pythonhosted.org/packages/c9/02/bd72be9134d25ed783ecbbc38a539ffaefbf90c78418c7fb7229600dbac7/distlib-0.4.3.tar.gz", hash = "sha256:f152097224a0ae24be5a0f6bae1b9359af82133bce63f98a95f86cae1aede9ed", size = 615141 }
wheels = [
    { url = "https://files.pythonhosted.org/packages/02/08/9c41fb51ab5b43eb21674aff13df270e8ba6c4b29c8624e328dc7a9482af/distlib-0.4.3-py2.py3-none-any.whl", hash = "sha256:4b0ce306c966eb73bc3a7b6abad017c556dadd92c44701562cd528ac7fde4d5b", size = 470628 },
]

[[package]]
name = "filelock"
version = "3.32.6"
source = { registry = "https://pypi.org/simple" }
sdist = { url = "https://files.pythonhosted.org/packages/38/46/126b1831dca12060d4a8296bf9c4fe5c93c4f22197fa239cb0cc82042bba/filelock-3.32.6.tar.gz", hash = "sha256:a3f55a18af3652a94d8f47d6055df434f254ca1d02ef2524850c6d249ca2512c", size = 225172 }
wheels = [
    { url = "https://files.pythonhosted.org/packages/cc/06/4f138f618dbea66803291274f228f01daf29f306fe8b96bc30dab765df75/filelock-3.32.6-py3-none-any.whl", hash = "sha256:3f16ecd0117feae0dfc147e8c62eb5daeccd8bd800378c3ddf416de9b4feb6b1", size = 100189 },
]

[[package]]
name = "h11"
version = "0.16.0"
source = { registry = "https://pypi.org/simple" }
sdist = { url = "https://files.pythonhosted.org/packages/01/ee/02a2c011bdab74c6fb3c75474d40b3052059d95df7e73351460c8588d963/h11-0.16.0.tar.gz", hash = "sha256:4e35b956cf45792e4caa5885e69fba00bdbc6ffafbfa020300e549b208ee5ff1", size = 101250 }
wheels = [
    { url = "https://files.pythonhosted.org/packages/04/4b/29cac41a4d98d144bf5f6d33995617b185d14b22401f75ca86f384e87ff1/h11-0.16.0-py3-none-any.whl", hash = "sha256:63cf8bbe7522de3bf65932fda1d9c2772064ffb3dae62d55932da54b31cb6c86", size = 37515 },
]

[[package]]
name = "httpcore"
version = "1.0.9"
source = { registry = "https://pypi.org/simple" }
dependencies = [
    { name = "certifi" },
    { name = "h11" },
]
sdist = { url = "https://files.pythonhosted.org/packages/06/94/82699a10bca87a5556c9c59b5963f2d039dbd239f25bc2a63907a05a14cb/httpcore-1.0.9.tar.gz", hash = "sha256:6e34463af53fd2ab5d807f399a9b45ea31c3dfa2276f15a2c3f00afff6e176e8", size = 85484 }
wheels = [
    { url = "https://files.pythonhosted.org/packages/7e/f5/f66802a942d491edb555dd61e3a9961140fd64c90bce1eafd741609d334d/httpcore-1.0.9-py3-none-any.whl", hash = "sha256:2d400746a40668fc9dec9810239072b40b4484b640a8c38fd654a024c7a1bf55", size = 78784 },
]

[[package]]
name = "httpx"
version = "0.28.1"
source = { registry = "https://pypi.org/simple" }
dependencies = [
    { name = "anyio" },
    { name = "certifi" },
    { name = "httpcore" },
    { name = "idna" },
]
sdist = { url = "https://files.pythonhosted.org/packages/b1/df/48c586a5fe32a0f01324ee087459e112ebb7224f646c0b5023f5e79e9956/httpx-0.28.1.tar.gz", hash = "sha256:75e98c5f16b0f35b567856f597f06ff2270a374470a5c2392242528e3e3e42fc", size = 141406 }
wheels = [
    { url = "https://files.pythonhosted.org/packages/2a/39/e50c7c3a983047577ee07d2a9e53faf5a69493943ec3f6a384bdc792deb2/httpx-0.28.1-py3-none-any.whl", hash = "sha256:d909fcccc110f8c7faf814ca82a9a4d816bc5a6dbfea25d6591d6985b8ba59ad", size = 73517 },
]

[[package]]
name = "hypothesis"
version = "6.168.0"
source = { registry = "https://pypi.org/simple" }
dependencies = [
    { name = "sortedcontainers" },
]
sdist = { url = "https://files.pythonhosted.org/packages/5a/ce/c0946bebffb99b62426a6a7643d4272cc6c5cf777a488b3b4d0ee724e960/hypothesis-6.168.0.tar.gz", hash = "sha256:72af51087b7b5ab21c49f0d502f803c20897678652835596bd2a8b169a39135e", size = 510805 }
wheels = [
    { url = "https://files.pythonhosted.org/packages/0f/f8/8b2cc9ae7b439538f6f2d32a92892340b6343a6b04d171c516666901dedc/hypothesis-6.168.0-cp310-abi3-macosx_10_12_x86_64.whl", hash = "sha256:47b89491ff02e3ae9b302c440457938e87b47a45b9a1d98ff5575b6910d779e2", size = 791358 },
    { url = "https://files.pythonhosted.org/packages/8b/f4/4d7d897310cde5085779fb96feadb8529d98cb8e51ed7b24f7da9b6c6bdc/hypothesis-6.168.0-cp310-abi3-macosx_11_0_arm64.whl", hash = "sha256:1f4cd0ff11bd470a1a846296ed5fe55e84214194850370994fd1370fe73d3099", size = 787081 },
    { url = "https://files.pythonhosted.org/packages/26/7b/9d52066d363faba7f3ac20ee60a3c696a475feb2c477d235d0d649d41cc1/hypothesis-6.168.0-cp310-abi3-manylinux_2_17_aarch64.manylinux2014_aarch64.whl", hash = "sha256:732ae5d47482f99d8028cca096729625f05690a83f5e7ce31466e266155792f4", size = 1123850 },
    { url = "https://files.pythonhosted.org/packages/50/cf/aa46d76fa7df43caf2c372e394fda84ce1dc08421814f8674a6b9295e2ea/hypothesis-6.168.0-cp310-abi3-manylinux_2_17_armv7l.manylinux2014_armv7l.whl", hash = "sha256:2085ee74ac3ab6b70e2f7ffae9b4cb74c246da2f574b2de81a0818a8a30f659f", size = 1147685 },
    { url = "https://files.pythonhosted.org/packages/84/c2/78ed8c8d5aa37e4baae2a4b3e29687ee3d9b7f1a5e56ea5ea5ec7ec71ecb/hypothesis-6.168.0-cp310-abi3-manylinux_2_17_ppc64le.manylinux2014_ppc64le.whl", hash = "sha256:1894782fae5d9a7bb44e6dcf848ccb09ccb5babab48d8b5c31a0a7fc025b82a1", size = 1149294 },
    { url = "https://files.pythonhosted.org/packages/78/7f/d57440f19e9de70e85359cf179ce786f309ee17609bd3c5a0113272875c0/hypothesis-6.168.0-cp310-abi3-manylinux_2_17_x86_64.manylinux2014_x86_64.whl", hash = "sha256:ecf0ab13cef899efb816ffdd7963e0679f372520884ce06756c7642f3df94213", size = 1169729 },
    { url = "https://files.pythonhosted.org/packages/a1/86/dc74410a186990bb22c2a3eea0e77804f2eb0f300860b46d7d8948073674/hypothesis-6.168.0-cp310-abi3-manylinux_2_31_riscv64.whl", hash = "sha256:3f6dcf66270278d078bed01b401f47db4e26456cd909d8e23c6b9366a6c0b131", size = 1129182 },
    { url = "https://files.pythonhosted.org/packages/b2/5e/be048fc4f6dac831625e155bdf11e4233caf46bb54030391d6fba8e19449/hypothesis-6.168.0-cp310-abi3-manylinux_2_5_i686.manylinux1_i686.whl", hash = "sha256:bfef4d46dbf1704a7b8fa3a78778651a2cb18870ca0a70da19c381646822b149", size = 1160180 },
    { url = "https://files.pythonhosted.org/packages/0f/4a/15a34498a5f08720fbbdbbe4668a8050fe4e17c16c9eeb6f56a017f2fa6b/hypothesis-6.168.0-cp310-abi3-musllinux_1_2_aarch64.whl", hash = "sha256:1d1aa5b3484e329295d88488a5ba06243909e65c2ab616513c2d36721de4ed1d", size = 1299711 },
    { url = "https://files.pythonhosted.org/packages/77/09/5354e0dae302ab98c4f0046b7e8699c2186ae4349397bda5d5c852bda68b/hypothesis-6.168.0-cp310-abi3-musllinux_1_2_armv7l.whl", hash = "sha256:3bc00fd8cda04b58e37a1163e8a65389b247b4f5ee547ae37d244a4960995517", size = 1425341 },
    { url = "https://files.pythonhosted.org/packages/59/7c/3c0e1f59043ff128c70a51d298d3d6b5973525c357a1e1d0542dbc05ac90/hypothesis-6.168.0-cp310-abi3-musllinux_1_2_ppc64le.whl", hash = "sha256:990026952d5b2eca290c88f639ac639233f47e13dae338c6dfb6e4774bcab349", size = 1281063 },
    { url = "https://files.pythonhosted.org/packages/40/dd/db884db9a7d42ae6b72a00c13c725940b638dfb263e618b22af59d5dfa2f/hypothesis-6.168.0-cp310-abi3-musllinux_1_2_riscv64.whl", hash = "sha256:a74b0945acbbd552c7c2d0a99a3b5232962b8848c8eed1829451800a9bfcf00b", size = 1300247 },
    { url = "https://files.pythonhosted.org/packages/99/8a/4ee9769e1d48676efb6a78a130f82e0d52d3f87b2055294102272a08615c/hypothesis-6.168.0-cp310-abi3-musllinux_1_2_x86_64.whl", hash = "sha256:2a380b521b5a76a9e8917d64adcf7f861a45a4360a34b1579af14c5df8eb0377", size = 1336084 },
    { url = "https://files.pythonhosted.org/packages/61/17/d4ed11bc99d205d6d2651a0f1a4874f377150f836b5a0849bd511d68a2eb/hypothesis-6.168.0-cp310-abi3-win32.whl", hash = "sha256:2264f15a1c80329e3ad48e39c44bd5c9429b7b04c9ee62cdd72f4b10aaac9f29", size = 677989 },
    { url = "https://files.pythonhosted.org/packages/77/51/abf1fde7b8afab87db30afb73b3847e62440551d146472111cabeba2fe00/hypothesis-6.168.0-cp310-abi3-win_amd64.whl", hash = "sha256:5b54769033b84477931d2072e7133a7555e0de5c53fd5ca3bbde960762d7d31b", size = 684692 },
    { url = "https://files.pythonhosted.org/packages/12/e2/64d79aed47a95186ce9edcef60eb4684870c72542da3b7027c2483d8ee8c/hypothesis-6.168.0-cp310-abi3-win_arm64.whl", hash = "sha256:112b0900059bf9d7d6528ed729770629ab146e0d133c4143b9bd4a01dc002bcc", size = 682709 },
    { url = "https://files.pythonhosted.org/packages/7b/5e/0035896c101f0484c364353f8ee30175eef8936b49171618677287fdd85d/hypothesis-6.168.0-cp312-cp312-macosx_10_12_x86_64.whl", hash = "sha256:6b750390dac4429da0cb70ab3fe758457f0cea3d9c843d48c59d0690d1189fda", size = 793115 },
    { url = "https://files.pythonhosted.org/packages/11/5c/938173e27df771cc6e92bc47f117a1b1be4a88fc6dc214f7fc65f9c7ad93/hypothesis-6.168.0-cp312-cp312-macosx_11_0_arm64.whl", hash = "sha256:8e4b2d434e0dd134f3d31ac1efc1825bf99730dfe70fec005ff66d7211836d79", size = 784634 },
    { url = "https://files.pythonhosted.org/packages/88/00/0b2c6ac07d519131f97712f2533750ffe9b2490eec8f518ef3a5ed2dd514/hypothesis-6.168.0-cp312-cp312-manylinux_2_17_aarch64.manylinux2014_aarch64.whl", hash = "sha256:76d4d36ed2fd62de11382f1d608169c1ffa9a49d3b9351146d8ff87cb81a66f7", size = 1122855 },
    { url = "https://files.pythonhosted.org/packages/8d/21/dde930fe43171cab37572bd993d70c2a271f240f428f8ccd64ec4c2d661b/hypothesis-6.168.0-cp312-cp312-manylinux_2_17_x86_64.manylinux2014_x86_64.whl", hash = "sha256:5920d267f7d8cfd376672f2bde5905cdf284d47519582e41ce7c142d48ee46c4", size = 1168932 },
    { url = "https://files.pythonhosted.org/packages/4c/5d/92b83c3d06194ec626e92723d0b0f70221ebf42d7cb355ed36929df6d735/hypothesis-6.168.0-cp312-cp312-musllinux_1_2_aarch64.whl", hash = "sha256:fb8cdf45361e259df86e19f8cd042ce2d6c7e6ad88fa631b78a4e3a83c2e572d", size = 1298566 },
    { url = "https://files.pythonhosted.org/packages/9c/67/52de8bf3446e3d2d555b812d96673b31bb213b5b9d5804a666e5d0bba76e/hypothesis-6.168.0-cp312-cp312-musllinux_1_2_x86_64.whl", hash = "sha256:3b3ce1cce70b25a37ed1a38a53ce7204785726c675c0f41a0f83c338a7e47b3d", size = 1335074 },
    { url = "https://files.pythonhosted.org/packages/14/fd/e592773c1c0ce55e35d26ec55f75546bf1fd72ef5a5c520ed685969b40cb/hypothesis-6.168.0-cp312-cp312-win_amd64.whl", hash = "sha256:f62bdabf278db9ff61df5f3203d608949f0d893d0e30cdac3f2330e67e41ae68", size = 682026 },
    { url = "https://files.pythonhosted.org/packages/16/f7/5adae1bf1d4877aca2e8c8e007e57077237e9ac3765e430ffda490b17e19/hypothesis-6.168.0-cp315-abi3.abi3t-macosx_10_12_x86_64.whl", hash = "sha256:754016594fe78cef91790e0922f60d183c52f531255fbfa30dac495b813e2128", size = 791056 },
    { url = "https://files.pythonhosted.org/packages/f2/93/b1b2770b87591db5cf564b9aa0265cf21e9207d28645e0abdeb8df63225b/hypothesis-6.168.0-cp315-abi3.abi3t-macosx_11_0_arm64.whl", hash = "sha256:6f0dd437ec01140676192422b61f2f833b3ce6a3213da9b7e196ad6b3777e795", size = 782980 },
    { url = "https://files.pythonhosted.org/packages/de/bd/673171c1d2423379a7d4a0f9f009cca735a422d0c4a4ac6422d1d1736cab/hypothesis-6.168.0-cp315-abi3.abi3t-manylinux_2_17_aarch64.manylinux2014_aarch64.whl", hash = "sha256:f77af7721ff35a58fa8797decd14c932c350a2548686c6e9b844db710a3a2441", size = 1120964 },
    { url = "https://files.pythonhosted.org/packages/7d/00/33a9bd941b22a4fd8a8c805b1563e0db17efc020422f5bd15bdd0fdf258f/hypothesis-6.168.0-cp315-abi3.abi3t-manylinux_2_17_armv7l.manylinux2014_armv7l.whl", hash = "sha256:a0d28418c104d7268fdebcc09bc49f7b6569b5eb942430c6859f53ec8d4edf63", size = 1143869 },
    { url = "https://files.pythonhosted.org/packages/0f/c1/963460976f41721eff8f67f30d31059ea407cc1b41c737c8859aabf37197/hypothesis-6.168.0-cp315-abi3.abi3t-manylinux_2_17_ppc64le.manylinux2014_ppc64le.whl", hash = "sha256:812a84c4cc7f7ae4fcb39a5647cc2698e6c18254f8423126425578f1dcdac782", size = 1146453 },
    { url = "https://files.pythonhosted.org/packages/ce/53/09db238098ad66f4e6d2fe883f26c270c2595b90e21c8f969d4cb21cad7a/hypothesis-6.168.0-cp315-abi3.abi3t-manylinux_2_17_x86_64.manylinux2014_x86_64.whl", hash = "sha256:6de30e559eb151de14a5f74bceb4d97792a9315ada2a1816b5da825cd7d28edc", size = 1166918 },
    { url = "https://files.pythonhosted.org/packages/b9/31/e1b7b452c8a6166e445ba2ad80a864f6a9eee0fe4c8cecdb9af5c1ee0aa5/hypothesis-6.168.0-cp315-abi3.abi3t-manylinux_2_31_riscv64.whl", hash = "sha256:9018b20acdb061b2ef4b2fa7f558ca5db97ffea316e0a528bc003a24b2ac996e", size = 1126637 },
    { url = "https://files.pythonhosted.org/packages/97/2b/4eceed248afb46fb6b2df21cf2239362de5b25d295c2dc67a82ec8657d5e/hypothesis-6.168.0-cp315-abi3.abi3t-manylinux_2_5_i686.manylinux1_i686.whl", hash = "sha256:bc935a5d5f86fd8f5af951b8fbe00307f6f7c596f82a9a27c17d974f6ab0a26c", size = 1155682 },
    { url = "https://files.pythonhosted.org/packages/b5/3e/f3414cda4f325004d5774485e8983b7d1b99e4b91013f013dd088fd778cf/hypothesis-6.168.0-cp315-abi3.abi3t-musllinux_1_2_aarch64.whl", hash = "sha256:45fcfa05f746e253350f55f216bcef59754f5f2b85745f1fc2bb8ba81dd517a9", size = 1296464 },
    { url = "https://files.pythonhosted.org/packages/aa/40/ca79cf96545e1f172b36b8df56bfeb02b61f351f283026f9a57c4631e368/hypothesis-6.168.0-cp315-abi3.abi3t-musllinux_1_2_armv7l.whl", hash = "sha256:f89d8e998d3c936ffbbd1c3686c96f0378f6558aecc5967a3035a857f2bab0ad", size = 1421853 },
    { url = "https://files.pythonhosted.org/packages/77/bc/657d5386740c1f4ac518ff05e4c5b132f1e6df2e7c865ba8fda4279adfa5/hypothesis-6.168.0-cp315-abi3.abi3t-musllinux_1_2_ppc64le.whl", hash = "sha256:d0620fa320fa66649e6bfd71e94f3f86115fffebb7e3c6dcece19d1aaff8e07f", size = 1278216 },
    { url = "https://files.pythonhosted.org/packages/51/54/2328cdb70489a36634534478d9b238594a269d8bec4630ea0e6897048347/hypothesis-6.168.0-cp315-abi3.abi3t-musllinux_1_2_riscv64.whl", hash = "sha256:4085b61e25d3dcc6c9151d4115269870aee8cdb921611ee5c989b2786449be09", size = 1297593 },
    { url = "https://files.pythonhosted.org/packages/9c/ca/d803fa57e3ff7f460f6e262d2b74822cf143343d378501fd3da601b12040/hypothesis-6.168.0-cp315-abi3.abi3t-musllinux_1_2_x86_64.whl", hash = "sha256:b5449a64eb37d9a4aa6ac9cd2ab0fd1a24145adf421ef1536884f73f39824887", size = 1333785 },
    { url = "https://files.pythonhosted.org/packages/86/8f/b9799ae6ba6074f151db2c63f9f6f12d844512821ffaba1a3672d7e59f07/hypothesis-6.168.0-cp315-abi3.abi3t-win32.whl", hash = "sha256:91e3de666a6c4f7543000d1710e25055d63ef3032c98bd2ab338b3087bdaa780", size = 675173 },
    { url = "https://files.pythonhosted.org/packages/61/54/14c3e277b451ff24128ecc2673cac59dd7e535bce1a433c466912fd682e1/hypothesis-6.168.0-cp315-abi3.abi3t-win_amd64.whl", hash = "sha256:9a2079cd09919956dd388f1a1f8ea5a79f2b2437650fbeda31d8661217ffefef", size = 681491 },
    { url = "https://files.pythonhosted.org/packages/99/f3/827e4a48ffee7e40244b0bf064ba47c2171e053ab7edf1cf770105e23401/hypothesis-6.168.0-cp315-abi3.abi3t-win_arm64.whl", hash = "sha256:085c9aa246487c56a40ca89003d285cbffdbb5be4097ba6d0139f9c21003c04a", size = 679197 },
]

[[package]]
name = "identify"
version = "2.6.19"
source = { registry = "https://pypi.org/simple" }
sdist = { url = "https://files.pythonhosted.org/packages/52/63/51723b5f116cc04b061cb6f5a561790abf249d25931d515cd375e063e0f4/identify-2.6.19.tar.gz", hash = "sha256:6be5020c38fcb07da56c53733538a3081ea5aa70d36a156f83044bfbf9173842", size = 99567 }
wheels = [
    { url = "https://files.pythonhosted.org/packages/94/84/d9273cd09688070a6523c4aee4663a8538721b2b755c4962aafae0011e72/identify-2.6.19-py2.py3-none-any.whl", hash = "sha256:20e6a87f786f768c092a721ad107fc9df0eb89347be9396cadf3f4abbd1fb78a", size = 99397 },
]

[[package]]
name = "idna"
version = "3.19"
source = { registry = "https://pypi.org/simple" }
sdist = { url = "https://files.pythonhosted.org/packages/5f/f7/abb373e5757eaec4b922b92f97ec8d6d7e057cf06778247604fbc4e7c3f3/idna-3.19.tar.gz", hash = "sha256:5e0811a4383b21dc5838069f801c4fb62113b7447663d2530d2bd6e77b49bf15", size = 215237 }
wheels = [
    { url = "https://files.pythonhosted.org/packages/57/b0/0e52c878c53f245edd3a11020f20979b3f490f245af532c7cae3027754b5/idna-3.19-py3-none-any.whl", hash = "sha256:815e7be7a7806d54abb586dc943addc79e8b2ee16915059658cbeff4b1b43bf4", size = 68550 },
]

[[package]]
name = "iniconfig"
version = "2.3.0"
source = { registry = "https://pypi.org/simple" }
sdist = { url = "https://files.pythonhosted.org/packages/72/34/14ca021ce8e5dfedc35312d08ba8bf51fdd999c576889fc2c24cb97f4f10/iniconfig-2.3.0.tar.gz", hash = "sha256:c76315c77db068650d49c5b56314774a7804df16fee4402c1f19d6d15d8c4730", size = 20503 }
wheels = [
    { url = "https://files.pythonhosted.org/packages/cb/b1/3846dd7f199d53cb17f49cba7e651e9ce294d8497c8c150530ed11865bb8/iniconfig-2.3.0-py3-none-any.whl", hash = "sha256:f631c04d2c48c52b84d0d0549c99ff3859c98df65b3101406327ecc7d53fbf12", size = 7484 },
]

[[package]]
name = "manc"
version = "0.1.0"
source = { editable = "." }

[package.dev-dependencies]
dev = [
    { name = "hypothesis" },
    { name = "pre-commit" },
    { name = "pytest" },
    { name = "pytest-cov" },
    { name = "respx" },
    { name = "ruff" },
]

[package.metadata]

[package.metadata.requires-dev]
dev = [
    { name = "hypothesis", specifier = ">=6" },
    { name = "pre-commit", specifier = ">=4" },
    { name = "pytest", specifier = ">=8" },
    { name = "pytest-cov", specifier = ">=6" },
    { name = "respx", specifier = ">=0.22" },
    { name = "ruff", specifier = ">=0.16" },
]

[[package]]
name = "nodeenv"
version = "1.10.0"
source = { registry = "https://pypi.org/simple" }
sdist = { url = "https://files.pythonhosted.org/packages/24/bf/d1bda4f6168e0b2e9e5958945e01910052158313224ada5ce1fb2e1113b8/nodeenv-1.10.0.tar.gz", hash = "sha256:996c191ad80897d076bdfba80a41994c2b47c68e224c542b48feba42ba00f8bb", size = 55611 }
wheels = [
    { url = "https://files.pythonhosted.org/packages/88/b2/d0896bdcdc8d28a7fc5717c305f1a861c26e18c05047949fb371034d98bd/nodeenv-1.10.0-py2.py3-none-any.whl", hash = "sha256:5bb13e3eed2923615535339b3c620e76779af4cb4c6a90deccc9e36b274d3827", size = 23438 },
]

[[package]]
name = "packaging"
version = "26.3"
source = { registry = "https://pypi.org/simple" }
sdist = { url = "https://files.pythonhosted.org/packages/7d/fa/3944b40b07da9ce895c0e6303a5ab7d53da063554f534556b134a54d6093/packaging-26.3.tar.gz", hash = "sha256:94edc256424af38762eb31306eed28beb9f0efc50a8837492c9d6fd6004aed79", size = 313412 }
wheels = [
    { url = "https://files.pythonhosted.org/packages/63/34/ba1c580383c9eada3711951fef0795c80b829a078d72188184bcab9dd527/packaging-26.3-py3-none-any.whl", hash = "sha256:d7193f7c8e4e93f444fde0262bf90af30e16fa0ad0ad44cb553c87339b23cd1c", size = 129956 },
]

[[package]]
name = "platformdirs"
version = "4.11.8"
source = { registry = "https://pypi.org/simple" }
sdist = { url = "https://files.pythonhosted.org/packages/53/18/f3bb8ef0d3b930692343da8aa4d3cbcd6749477c053959395ac81965a6e9/platformdirs-4.11.8.tar.gz", hash = "sha256:f23abafea7dd4276d1f29104b83598d7dcc567cafd07c9c951e66665645437fc", size = 37182 }
wheels = [
    { url = "https://files.pythonhosted.org/packages/f4/e1/5b7b8bbb55084d1425bcb9bc823ff519e1b2be05f6ebb0089e2eacc38413/platformdirs-4.11.8-py3-none-any.whl", hash = "sha256:52f2f181bbfde907966932cc8312d967d02976422d66d537ea16092b8e291081", size = 24027 },
]

[[package]]
name = "pluggy"
version = "1.6.0"
source = { registry = "https://pypi.org/simple" }
sdist = { url = "https://files.pythonhosted.org/packages/f9/e2/3e91f31a7d2b083fe6ef3fa267035b518369d9511ffab804f839851d2779/pluggy-1.6.0.tar.gz", hash = "sha256:7dcc130b76258d33b90f61b658791dede3486c3e6bfb003ee5c9bfb396dd22f3", size = 69412 }
wheels = [
    { url = "https://files.pythonhosted.org/packages/54/20/4d324d65cc6d9205fabedc306948156824eb9f0ee1633355a8f7ec5c66bf/pluggy-1.6.0-py3-none-any.whl", hash = "sha256:e920276dd6813095e9377c0bc5566d94c932c33b27a3e3945d8389c374dd4746", size = 20538 },
]

[[package]]
name = "pre-commit"
version = "4.6.2"
source = { registry = "https://pypi.org/simple" }
dependencies = [
    { name = "cfgv" },
    { name = "identify" },
    { name = "nodeenv" },
    { name = "pyyaml" },
    { name = "virtualenv" },
]
sdist = { url = "https://files.pythonhosted.org/packages/74/89/1f3e8e1fc3e97de0fa963495832f581f025f29471602a309e48808244292/pre_commit-4.6.2.tar.gz", hash = "sha256:8f5d7bfb021ecdbcd9d49d89847082dd24172ccde534390081a679ad046e2441", size = 198670 }
wheels = [
    { url = "https://files.pythonhosted.org/packages/45/e2/bbb7129c9e7999a6b8ee9cca3b66486c25c423ab5a75f34071798b74ce94/pre_commit-4.6.2-py2.py3-none-any.whl", hash = "sha256:e2dde9a75d3bce11bd3831c26d134df00a2803c1d818be6a0383c3dcda25dc4e", size = 226202 },
]

[[package]]
name = "pygments"
version = "2.21.0"
source = { registry = "https://pypi.org/simple" }
sdist = { url = "https://files.pythonhosted.org/packages/49/2e/ced460408999b33da6b31b0021b0f37d329e202d4169aeb164493778f25b/pygments-2.21.0.tar.gz", hash = "sha256:610ca751c9bc2492b38eb9a38a7fbc93edbbb2d7182edaf34e66ae493dee5c8c", size = 5005329 }
wheels = [
    { url = "https://files.pythonhosted.org/packages/71/46/17f022dd3e953bf20a04a028a21ec746d942f8d2af30fa0f124fa0e6a684/pygments-2.21.0-py3-none-any.whl", hash = "sha256:2363c69b61c4a97c838da3b130dcd6468f4848992b21a82f2a63ec34377137d9", size = 1250147 },
]

[[package]]
name = "pytest"
version = "9.1.1"
source = { registry = "https://pypi.org/simple" }
dependencies = [
    { name = "colorama", marker = "sys_platform == 'win32'" },
    { name = "iniconfig" },
    { name = "packaging" },
    { name = "pluggy" },
    { name = "pygments" },
]
sdist = { url = "https://files.pythonhosted.org/packages/e4/47/b9efed96c114afcfa3c9d3fe98a76a1d14c74a9e266d397cf6eb64be5e01/pytest-9.1.1.tar.gz", hash = "sha256:1088fbde8f2b49d95a549a195707afa7a76a3ce9bcadc26b6d71f0ffda5fe313", size = 1636369 }
wheels = [
    { url = "https://files.pythonhosted.org/packages/24/25/1de2678b631f5a49215c6c96fff41ba892b0a34df68d6d80292b1b48aa7f/pytest-9.1.1-py3-none-any.whl", hash = "sha256:37a86b45efb9a47a61a36449063e8e18d0cab3161329fc099eb21783169c4f0c", size = 386536 },
]

[[package]]
name = "pytest-cov"
version = "7.1.0"
source = { registry = "https://pypi.org/simple" }
dependencies = [
    { name = "coverage" },
    { name = "pluggy" },
    { name = "pytest" },
]
sdist = { url = "https://files.pythonhosted.org/packages/b1/51/a849f96e117386044471c8ec2bd6cfebacda285da9525c9106aeb28da671/pytest_cov-7.1.0.tar.gz", hash = "sha256:30674f2b5f6351aa09702a9c8c364f6a01c27aae0c1366ae8016160d1efc56b2", size = 55592 }
wheels = [
    { url = "https://files.pythonhosted.org/packages/9d/7a/d968e294073affff457b041c2be9868a40c1c71f4a35fcc1e45e5493067b/pytest_cov-7.1.0-py3-none-any.whl", hash = "sha256:a0461110b7865f9a271aa1b51e516c9a95de9d696734a2f71e3e78f46e1d4678", size = 22876 },
]

[[package]]
name = "python-discovery"
version = "1.6.0"
source = { registry = "https://pypi.org/simple" }
dependencies = [
    { name = "filelock" },
]
sdist = { url = "https://files.pythonhosted.org/packages/91/96/0f93e27c9f60a650838f2118159aa115fd5732c0716247917b7ba7ede665/python_discovery-1.6.0.tar.gz", hash = "sha256:6393b4eae1be8b2182670635e7baff89ac21cb9f8e86fd1ff40c7b1144febb4c", size = 82849 }
wheels = [
    { url = "https://files.pythonhosted.org/packages/43/5e/21abf578182fb15006a57faf3711a1e659e29d600d19b6e557eae908c81d/python_discovery-1.6.0-py3-none-any.whl", hash = "sha256:d4e244cf17b8b29819ed78003d55fbacf86eda23425b075454fff9271b79377a", size = 38451 },
]

[[package]]
name = "pyyaml"
version = "6.0.3"
source = { registry = "https://pypi.org/simple" }
sdist = { url = "https://files.pythonhosted.org/packages/05/8e/961c0007c59b8dd7729d542c61a4d537767a59645b82a0b521206e1e25c2/pyyaml-6.0.3.tar.gz", hash = "sha256:d76623373421df22fb4cf8817020cbb7ef15c725b9d5e45f17e189bfc384190f", size = 130960 }
wheels = [
    { url = "https://files.pythonhosted.org/packages/d1/33/422b98d2195232ca1826284a76852ad5a86fe23e31b009c9886b2d0fb8b2/pyyaml-6.0.3-cp312-cp312-macosx_10_13_x86_64.whl", hash = "sha256:7f047e29dcae44602496db43be01ad42fc6f1cc0d8cd6c83d342306c32270196", size = 182063 },
    { url = "https://files.pythonhosted.org/packages/89/a0/6cf41a19a1f2f3feab0e9c0b74134aa2ce6849093d5517a0c550fe37a648/pyyaml-6.0.3-cp312-cp312-macosx_11_0_arm64.whl", hash = "sha256:fc09d0aa354569bc501d4e787133afc08552722d3ab34836a80547331bb5d4a0", size = 173973 },
    { url = "https://files.pythonhosted.org/packages/ed/23/7a778b6bd0b9a8039df8b1b1d80e2e2ad78aa04171592c8a5c43a56a6af4/pyyaml-6.0.3-cp312-cp312-manylinux2014_aarch64.manylinux_2_17_aarch64.manylinux_2_28_aarch64.whl", hash = "sha256:9149cad251584d5fb4981be1ecde53a1ca46c891a79788c0df828d2f166bda28", size = 775116 },
    { url = "https://files.pythonhosted.org/packages/65/30/d7353c338e12baef4ecc1b09e877c1970bd3382789c159b4f89d6a70dc09/pyyaml-6.0.3-cp312-cp312-manylinux2014_s390x.manylinux_2_17_s390x.manylinux_2_28_s390x.whl", hash = "sha256:5fdec68f91a0c6739b380c83b951e2c72ac0197ace422360e6d5a959d8d97b2c", size = 844011 },
    { url = "https://files.pythonhosted.org/packages/8b/9d/b3589d3877982d4f2329302ef98a8026e7f4443c765c46cfecc8858c6b4b/pyyaml-6.0.3-cp312-cp312-manylinux2014_x86_64.manylinux_2_17_x86_64.manylinux_2_28_x86_64.whl", hash = "sha256:ba1cc08a7ccde2d2ec775841541641e4548226580ab850948cbfda66a1befcdc", size = 807870 },
    { url = "https://files.pythonhosted.org/packages/05/c0/b3be26a015601b822b97d9149ff8cb5ead58c66f981e04fedf4e762f4bd4/pyyaml-6.0.3-cp312-cp312-musllinux_1_2_aarch64.whl", hash = "sha256:8dc52c23056b9ddd46818a57b78404882310fb473d63f17b07d5c40421e47f8e", size = 761089 },
    { url = "https://files.pythonhosted.org/packages/be/8e/98435a21d1d4b46590d5459a22d88128103f8da4c2d4cb8f14f2a96504e1/pyyaml-6.0.3-cp312-cp312-musllinux_1_2_x86_64.whl", hash = "sha256:41715c910c881bc081f1e8872880d3c650acf13dfa8214bad49ed4cede7c34ea", size = 790181 },
    { url = "https://files.pythonhosted.org/packages/74/93/7baea19427dcfbe1e5a372d81473250b379f04b1bd3c4c5ff825e2327202/pyyaml-6.0.3-cp312-cp312-win32.whl", hash = "sha256:96b533f0e99f6579b3d4d4995707cf36df9100d67e0c8303a0c55b27b5f99bc5", size = 137658 },
    { url = "https://files.pythonhosted.org/packages/86/bf/899e81e4cce32febab4fb42bb97dcdf66bc135272882d1987881a4b519e9/pyyaml-6.0.3-cp312-cp312-win_amd64.whl", hash = "sha256:5fcd34e47f6e0b794d17de1b4ff496c00986e1c83f7ab2fb8fcfe9616ff7477b", size = 154003 },
    { url = "https://files.pythonhosted.org/packages/1a/08/67bd04656199bbb51dbed1439b7f27601dfb576fb864099c7ef0c3e55531/pyyaml-6.0.3-cp312-cp312-win_arm64.whl", hash = "sha256:64386e5e707d03a7e172c0701abfb7e10f0fb753ee1d773128192742712a98fd", size = 140344 },
]

[[package]]
name = "respx"
version = "0.23.1"
source = { registry = "https://pypi.org/simple" }
dependencies = [
    { name = "httpx" },
]
sdist = { url = "https://files.pythonhosted.org/packages/43/98/4e55c9c486404ec12373708d015ebce157966965a5ebe7f28ff2c784d41b/respx-0.23.1.tar.gz", hash = "sha256:242dcc6ce6b5b9bf621f5870c82a63997e8e82bc7c947f9ffe272b8f3dd5a780", size = 29243 }
wheels = [
    { url = "https://files.pythonhosted.org/packages/1d/4a/221da6ca167db45693d8d26c7dc79ccfc978a440251bf6721c9aaf251ac0/respx-0.23.1-py2.py3-none-any.whl", hash = "sha256:b18004b029935384bccfa6d7d9d74b4ec9af73a081cc28600fffc0447f4b8c1a", size = 25557 },
]

[[package]]
name = "ruff"
version = "0.16.7"
source = { registry = "https://pypi.org/simple" }
sdist = { url = "https://files.pythonhosted.org/packages/82/bb/5a449b9162e49b139d72f61672bd3ac1d790221f796d3304e2241fff4c58/ruff-0.16.7.tar.gz", hash = "sha256:5f71d004ac1263b22fa39462ac5ae618a4b77d58981af2cc79bf79a29c12b1a6", size = 4924184 }
wheels = [
    { url = "https://files.pythonhosted.org/packages/e3/b2/c80aeeb7f9e469c0d63a85d2f1ab6e1ebfbe10ea7a8d2438b7e09e3ff09e/ruff-0.16.7-py3-none-linux_armv6l.whl", hash = "sha256:727307773e7c7f9181d3ed3a2484186e56c1fa1874255911c74585eb2c7c19f9", size = 10048917 },
    { url = "https://files.pythonhosted.org/packages/7b/96/20bb7bcae008004df52afcb7ac83432d4a467f2c17b672fe46d26be231c5/ruff-0.16.7-py3-none-macosx_10_12_x86_64.whl", hash = "sha256:9d61c258deabf58f34c67bd4bb4d939c7f2e6b5f0e59c1cdd1cf771b11cde929", size = 10242929 },
    { url = "https://files.pythonhosted.org/packages/90/b2/f184b0d5abec02db69cfd7e49b688ae0237554528ca777136c613bf36bee/ruff-0.16.7-py3-none-macosx_11_0_arm64.whl", hash = "sha256:7ab81118df8945e0193d0240712aa4496573595b75185c3636ed825592a0f728", size = 9847245 },
    { url = "https://files.pythonhosted.org/packages/eb/2d/db1633a641866ed801e34cc6b60ef236c5e16f9b2124ab1d49cc24a5fe4f/ruff-0.16.7-py3-none-manylinux_2_17_aarch64.manylinux2014_aarch64.whl", hash = "sha256:4c196c968874fc8019da8e7163de7a1a370f111e2309b4b7dfea0fce950198d0", size = 9961780 },
    { url = "https://files.pythonhosted.org/packages/4d/98/edea21e1a3e38dbbc3bf6bb068b863b3b06184cf8533a4c7dbbe208a89d5/ruff-0.16.7-py3-none-manylinux_2_17_armv7l.manylinux2014_armv7l.whl", hash = "sha256:ac8c3bd0a7e10ad31e6ce51e7a99f3cb772e69aecdd6b9ea7e99b362f62a62c0", size = 9866337 },
    { url = "https://files.pythonhosted.org/packages/0b/11/a15e60d4c87b214646f116ca9d204475bf993ee1047459bc9a360fd4d6d1/ruff-0.16.7-py3-none-manylinux_2_17_i686.manylinux2014_i686.whl", hash = "sha256:398d3988edde000b5c75dc1b3f584708da9bc990de069c18909142580fec1af9", size = 10562512 },
    { url = "https://files.pythonhosted.org/packages/29/42/eaff4c9b6d0c7cdf56df313a17e89ae854f5bbc0b0c8f9cce19be0ab7a8f/ruff-0.16.7-py3-none-manylinux_2_17_ppc64le.manylinux2014_ppc64le.whl", hash = "sha256:ce05b62b770a8217c4646a9c4139fca00efe8fe5d71f87df2b243ff20d4584d1", size = 11302938 },
    { url = "https://files.pythonhosted.org/packages/5d/43/c75aa59a4ec181fe2ec06cab30e198c1c6d107229a9f008ae3a7c16cabd8/ruff-0.16.7-py3-none-manylinux_2_17_s390x.manylinux2014_s390x.whl", hash = "sha256:af1b576fddb9d9ef2ececfb5fadcd6a624b25070ed85e3cfcfe449fc3ff6a7b9", size = 10840857 },
    { url = "https://files.pythonhosted.org/packages/21/33/81f3da371942ea031105ba679d8d6e28ec1660ccd690a45f42d381161356/ruff-0.16.7-py3-none-manylinux_2_17_x86_64.manylinux2014_x86_64.whl", hash = "sha256:9ce7f8f22df67c93ed96c717f9128eadb797144ac2bad475cf536f31d6100c55", size = 10370001 },
    { url = "https://files.pythonhosted.org/packages/fa/0b/6345fb4dbf6dd0ed1cfe5d18391dc9c3f59cc81622a7b0a65b84b3e730ba/ruff-0.16.7-py3-none-manylinux_2_31_riscv64.whl", hash = "sha256:06d0e93d04f392996435ebd600c153f65b47d73fbec2415aa99c5ee5756b3a5f", size = 10548735 },
    { url = "https://files.pythonhosted.org/packages/3f/4d/c5576adf511f92a328e5569dda190ecdd430da51f1a649f3a4a2fd73e21e/ruff-0.16.7-py3-none-musllinux_1_2_aarch64.whl", hash = "sha256:142151a5e7b93c1b11111337142f89dd2fbfee92161225c99a97222f22e32656", size = 10108496 },
    { url = "https://files.pythonhosted.org/packages/ff/8c/667d83c16199a17a56adc6b0bd4c3beb5b767a2babcd16a56f76f9be7fd6/ruff-0.16.7-py3-none-musllinux_1_2_armv7l.whl", hash = "sha256:e6651f97a342d8b35d54d8991544ca22169b86dc54111cb604666940c431b750", size = 9860136 },
    { url = "https://files.pythonhosted.org/packages/99/75/78d401106731999a1dd20cc5a6961e37e1eb9397a3b589f73f3a5ce146a3/ruff-0.16.7-py3-none-musllinux_1_2_i686.whl", hash = "sha256:ef140c6eb935fa9a84c9c607dfb2cb1b85843c192e79265b0c54f35f557ea8e5", size = 10286290 },
    { url = "https://files.pythonhosted.org/packages/68/49/56f9c3a8b755df93a0ad318b2147bf4ef5dae9a7e5ec61c460109c67957f/ruff-0.16.7-py3-none-musllinux_1_2_x86_64.whl", hash = "sha256:53e39506a730fadeee0d998ed5946f30671f0db240c6c7c73bdabbe33604bb6f", size = 10745048 },
    { url = "https://files.pythonhosted.org/packages/5f/ea/7f9b938a63ece4bec677ad7f9f7fa02df3383db1949ed93a382441c09a87/ruff-0.16.7-py3-none-win32.whl", hash = "sha256:2ea3470fcebcbc5df2fb0c6f3b90333fa9084c534e0111c038fa4a6ab9f1c4b7", size = 10059082 },
    { url = "https://files.pythonhosted.org/packages/39/11/480a6973a927aa653e1cead6a6416008640e03a99d05b34c0434b8c6c366/ruff-0.16.7-py3-none-win_amd64.whl", hash = "sha256:7ac26aca826e9e21d0f1cb25b54ac660760a9fdd094d3e4df9848232be98cfc6", size = 10593368 },
    { url = "https://files.pythonhosted.org/packages/8b/4b/51327018d056f0dad2c2238f26d1fb0f53707a9d91b75dea6d1b3039f136/ruff-0.16.7-py3-none-win_arm64.whl", hash = "sha256:aab7f39e2c9df6c596216070f98eef1207b94f8516cca20c808826974971855b", size = 10412401 },
]

[[package]]
name = "sortedcontainers"
version = "2.4.0"
source = { registry = "https://pypi.org/simple" }
sdist = { url = "https://files.pythonhosted.org/packages/e8/c4/ba2f8066cceb6f23394729afe52f3bf7adec04bf9ed2c820b39e19299111/sortedcontainers-2.4.0.tar.gz", hash = "sha256:25caa5a06cc30b6b83d11423433f65d1f9d76c4c6a0c90e3379eaa43b9bfdb88", size = 30594 }
wheels = [
    { url = "https://files.pythonhosted.org/packages/32/46/9cb0e58b2deb7f82b84065f37f3bffeb12413f947f9388e4cac22c4621ce/sortedcontainers-2.4.0-py2.py3-none-any.whl", hash = "sha256:a163dcaede0f1c021485e957a39245190e74249897e2ae4b2aa38595db237ee0", size = 29575 },
]

[[package]]
name = "typing-extensions"
version = "4.16.0"
source = { registry = "https://pypi.org/simple" }
sdist = { url = "https://files.pythonhosted.org/packages/f6/cc/6253133b5bb138fc3306cebfbda2c520f545d36b5be2c7255cc528bb45d6/typing_extensions-4.16.0.tar.gz", hash = "sha256:dc983d19a509c94dba722ee6abd33940f7c05a89e243c47e907eb4db6f1a43e5", size = 113555 }
wheels = [
    { url = "https://files.pythonhosted.org/packages/49/d3/b8441a820a491ddfc024b0b0cf0393375b75ea13866d9c66727e54c2fc80/typing_extensions-4.16.0-py3-none-any.whl", hash = "sha256:481caa481374e813c1b176ada14e97f1f67a4539ce9cfeb3f350d78d6370c2e8", size = 45571 },
]

[[package]]
name = "virtualenv"
version = "21.7.9"
source = { registry = "https://pypi.org/simple" }
dependencies = [
    { name = "distlib" },
    { name = "filelock" },
    { name = "platformdirs" },
    { name = "python-discovery" },
]
sdist = { url = "https://files.pythonhosted.org/packages/52/5c/ba82fdd0da13ade01453fc08277a70abc79128101319549f55f2e13f8f83/virtualenv-21.7.9.tar.gz", hash = "sha256:a7e42d81d779dec8afd7dc4be71640fb959ea861bccfa5980cb4ad9f92e30675", size = 5348882 }
wheels = [
    { url = "https://files.pythonhosted.org/packages/85/fc/888c80b8da917bfc48a41887eca244f995d190bd3c01175727089fcaf27e/virtualenv-21.7.9-py3-none-any.whl", hash = "sha256:ba3b0bb41063c848d84d76a9fe3fb7711aaa0f2fe78708e8f3cd9714770e4eac", size = 5324667 },
]
